
Microsoft Visual Studio Solution File, Format Version 12.00
# Visual Studio Version 16
VisualStudioVersion = 16.0.30330.147
MinimumVisualStudioVersion = 10.0.40219.1
Project("{9A19103F-16F7-4668-BE54-9A1E7A4F7556}") = "CUIPortfolio", "CUIPortfolio\CUIPortfolio.csproj", "{2F770AD1-AF0D-4B6B-8128-E912BE169936}"
EndProject
Global
	GlobalSection(SolutionConfigurationPlatforms) = preSolution
		Debug|Any CPU = Debug|Any CPU
		Release|Any CPU = Release|Any CPU
	EndGlobalSection
	GlobalSection(ProjectConfigurationPlatforms) = postSolution
		{2F770AD1-AF0D-4B6B-8128-E912BE169936}.Debug|Any CPU.ActiveCfg = Debug|Any CPU
		{2F770AD1-AF0D-4B6B-8128-E912BE169936}.Debug|Any CPU.Build.0 = Debug|Any CPU
		{2F770AD1-AF0D-4B6B-8128-E912BE169936}.Release|Any CPU.ActiveCfg = Release|Any CPU
		{2F770AD1-AF0D-4B6B-8128-E912BE169936}.Release|Any CPU.Build.0 = Release|Any CPU
	EndGlobalSection
	GlobalSection(SolutionProperties) = preSolution
		HideSolutionNode = FALSE
	EndGlobalSection
	GlobalSection(ExtensibilityGlobals) = postSolution
		SolutionGuid = {A6513D6C-1A76-4F4A-A190-054CE83950A2}
	EndGlobalSection
EndGlobal
